// !$*UTF8*$!
{
	archiveVersion = 1;
	classes = {
	};
	objectVersion = 46;
	objects = {

/* Begin PBXBuildFile section */
		CD21815F1EC897D200D84381 /* image.jpg in Resources */ = {isa = PBXBuildFile; fileRef = CD21815E1EC897D200D84381 /* image.jpg */; };
		CD2761F11B0E1C050000BB5D /* CocoaDebugKit.h in Headers */ = {isa = PBXBuildFile; fileRef = CD2761F01B0E1C050000BB5D /* CocoaDebugKit.h */; settings = {ATTRIBUTES = (Public, ); }; };
		CD2762471B0E30210000BB5D /* AppDelegate.m in Sources */ = {isa = PBXBuildFile; fileRef = CD2762461B0E30210000BB5D /* AppDelegate.m */; };
		CD2762491B0E30210000BB5D /* main.m in Sources */ = {isa = PBXBuildFile; fileRef = CD2762481B0E30210000BB5D /* main.m */; };
		CD27624B1B0E30210000BB5D /* Images.xcassets in Resources */ = {isa = PBXBuildFile; fileRef = CD27624A1B0E30210000BB5D /* Images.xcassets */; };
		CD27624E1B0E30210000BB5D /* MainMenu.xib in Resources */ = {isa = PBXBuildFile; fileRef = CD27624C1B0E30210000BB5D /* MainMenu.xib */; };
		CD4DF0E71ED0C31D000E78A0 /* CocoaDebugKit.framework in Frameworks */ = {isa = PBXBuildFile; fileRef = CD2761EB1B0E1C050000BB5D /* CocoaDebugKit.framework */; };
		CD4DF0E81ED0C31D000E78A0 /* CocoaDebugKit.framework in Embed Frameworks */ = {isa = PBXBuildFile; fileRef = CD2761EB1B0E1C050000BB5D /* CocoaDebugKit.framework */; settings = {ATTRIBUTES = (CodeSignOnCopy, RemoveHeadersOnCopy, ); }; };
		CD5796411CC576A40014BFD0 /* com.kladek.CocoaDebugKit.settings.default.plist in Resources */ = {isa = PBXBuildFile; fileRef = CD5796401CC576A40014BFD0 /* com.kladek.CocoaDebugKit.settings.default.plist */; };
		CD5796441CC585CA0014BFD0 /* Person.m in Sources */ = {isa = PBXBuildFile; fileRef = CD5796431CC585CA0014BFD0 /* Person.m */; };
		CD57964B1CC632D40014BFD0 /* com.kladek.CocoaDebugKit.settings.dusk.plist in Resources */ = {isa = PBXBuildFile; fileRef = CD57964A1CC632D40014BFD0 /* com.kladek.CocoaDebugKit.settings.dusk.plist */; };
		CD63A0781ED3293F00D04814 /* CPColor+CPAdditions.h in Headers */ = {isa = PBXBuildFile; fileRef = CD63A06B1ED3293F00D04814 /* CPColor+CPAdditions.h */; };
		CD63A0791ED3293F00D04814 /* CPColor+CPAdditions.m in Sources */ = {isa = PBXBuildFile; fileRef = CD63A06C1ED3293F00D04814 /* CPColor+CPAdditions.m */; };
		CD63A07A1ED3293F00D04814 /* CPImageView+CPAdditions.h in Headers */ = {isa = PBXBuildFile; fileRef = CD63A06D1ED3293F00D04814 /* CPImageView+CPAdditions.h */; };
		CD63A07B1ED3293F00D04814 /* CPImageView+CPAdditions.m in Sources */ = {isa = PBXBuildFile; fileRef = CD63A06E1ED3293F00D04814 /* CPImageView+CPAdditions.m */; };
		CD63A07C1ED3293F00D04814 /* CPScreen+CPAdditions.h in Headers */ = {isa = PBXBuildFile; fileRef = CD63A06F1ED3293F00D04814 /* CPScreen+CPAdditions.h */; };
		CD63A07D1ED3293F00D04814 /* CPScreen+CPAdditions.m in Sources */ = {isa = PBXBuildFile; fileRef = CD63A0701ED3293F00D04814 /* CPScreen+CPAdditions.m */; };
		CD63A07E1ED3293F00D04814 /* CPTextField+CPAdditions.h in Headers */ = {isa = PBXBuildFile; fileRef = CD63A0711ED3293F00D04814 /* CPTextField+CPAdditions.h */; };
		CD63A07F1ED3293F00D04814 /* CPTextField+CPAdditions.m in Sources */ = {isa = PBXBuildFile; fileRef = CD63A0721ED3293F00D04814 /* CPTextField+CPAdditions.m */; };
		CD63A0801ED3293F00D04814 /* CPView+CPAdditions.h in Headers */ = {isa = PBXBuildFile; fileRef = CD63A0731ED3293F00D04814 /* CPView+CPAdditions.h */; };
		CD63A0811ED3293F00D04814 /* CPView+CPAdditions.m in Sources */ = {isa = PBXBuildFile; fileRef = CD63A0741ED3293F00D04814 /* CPView+CPAdditions.m */; };
		CD63A0821ED3293F00D04814 /* CrossPlatformDefinitions.h in Headers */ = {isa = PBXBuildFile; fileRef = CD63A0751ED3293F00D04814 /* CrossPlatformDefinitions.h */; settings = {ATTRIBUTES = (Public, ); }; };
		CD63A0831ED3293F00D04814 /* NSObject+CPAdditions.h in Headers */ = {isa = PBXBuildFile; fileRef = CD63A0761ED3293F00D04814 /* NSObject+CPAdditions.h */; };
		CD63A0841ED3293F00D04814 /* NSObject+CPAdditions.m in Sources */ = {isa = PBXBuildFile; fileRef = CD63A0771ED3293F00D04814 /* NSObject+CPAdditions.m */; };
		CD63A0941ED3298400D04814 /* CocoaDebugDescription.h in Headers */ = {isa = PBXBuildFile; fileRef = CD63A08C1ED3298400D04814 /* CocoaDebugDescription.h */; settings = {ATTRIBUTES = (Public, ); }; };
		CD63A0951ED3298400D04814 /* CocoaDebugDescription.m in Sources */ = {isa = PBXBuildFile; fileRef = CD63A08D1ED3298400D04814 /* CocoaDebugDescription.m */; };
		CD63A0961ED3298400D04814 /* CocoaDebugSettings.h in Headers */ = {isa = PBXBuildFile; fileRef = CD63A08E1ED3298400D04814 /* CocoaDebugSettings.h */; settings = {ATTRIBUTES = (Public, ); }; };
		CD63A0971ED3298400D04814 /* CocoaDebugSettings.m in Sources */ = {isa = PBXBuildFile; fileRef = CD63A08F1ED3298400D04814 /* CocoaDebugSettings.m */; };
		CD63A0981ED3298400D04814 /* CocoaDebugView.h in Headers */ = {isa = PBXBuildFile; fileRef = CD63A0901ED3298400D04814 /* CocoaDebugView.h */; settings = {ATTRIBUTES = (Public, ); }; };
		CD63A0991ED3298400D04814 /* CocoaDebugView.m in Sources */ = {isa = PBXBuildFile; fileRef = CD63A0911ED3298400D04814 /* CocoaDebugView.m */; };
		CD63A09A1ED3298400D04814 /* CocoaPropertyEnumerator.h in Headers */ = {isa = PBXBuildFile; fileRef = CD63A0921ED3298400D04814 /* CocoaPropertyEnumerator.h */; settings = {ATTRIBUTES = (Public, ); }; };
		CD63A09B1ED3298400D04814 /* CocoaPropertyEnumerator.m in Sources */ = {isa = PBXBuildFile; fileRef = CD63A0931ED3298400D04814 /* CocoaPropertyEnumerator.m */; };
		CD63A13C1ED3707600D04814 /* AlertCautionIcon.icns in Resources */ = {isa = PBXBuildFile; fileRef = CD63A13B1ED3707600D04814 /* AlertCautionIcon.icns */; };
		CD63A14C1ED7308E00D04814 /* CocoaPropertyLine.h in Headers */ = {isa = PBXBuildFile; fileRef = CD63A1491ED7308E00D04814 /* CocoaPropertyLine.h */; settings = {ATTRIBUTES = (Public, ); }; };
		CD63A14D1ED7308E00D04814 /* CocoaPropertyLine.m in Sources */ = {isa = PBXBuildFile; fileRef = CD63A14A1ED7308E00D04814 /* CocoaPropertyLine.m */; };
		CD8962DD1CC63B2C001E6749 /* com.kladek.CocoaDebugKit.settings.basic.plist in Resources */ = {isa = PBXBuildFile; fileRef = CD8962DC1CC63B2C001E6749 /* com.kladek.CocoaDebugKit.settings.basic.plist */; };
		CDBBC8471B70E31600923E3E /* TestObject.m in Sources */ = {isa = PBXBuildFile; fileRef = CDBBC8461B70E31600923E3E /* TestObject.m */; };
		CDE848D91CCE75E900DD5A00 /* SecondObject.m in Sources */ = {isa = PBXBuildFile; fileRef = CDE848D81CCE75E900DD5A00 /* SecondObject.m */; };
/* End PBXBuildFile section */

/* Begin PBXContainerItemProxy section */
		CD4DF0E91ED0C31D000E78A0 /* PBXContainerItemProxy */ = {
			isa = PBXContainerItemProxy;
			containerPortal = CD2761E21B0E1C050000BB5D /* Project object */;
			proxyType = 1;
			remoteGlobalIDString = CD2761EA1B0E1C050000BB5D;
			remoteInfo = CocoaDebugKit;
		};
/* End PBXContainerItemProxy section */

/* Begin PBXCopyFilesBuildPhase section */
		CD4DF0EB1ED0C31D000E78A0 /* Embed Frameworks */ = {
			isa = PBXCopyFilesBuildPhase;
			buildActionMask = 2147483647;
			dstPath = "";
			dstSubfolderSpec = 10;
			files = (
				CD4DF0E81ED0C31D000E78A0 /* CocoaDebugKit.framework in Embed Frameworks */,
			);
			name = "Embed Frameworks";
			runOnlyForDeploymentPostprocessing = 0;
		};
/* End PBXCopyFilesBuildPhase section */

/* Begin PBXFileReference section */
		CD21815E1EC897D200D84381 /* image.jpg */ = {isa = PBXFileReference; lastKnownFileType = image.jpeg; path = image.jpg; sourceTree = "<group>"; };
		CD2761EB1B0E1C050000BB5D /* CocoaDebugKit.framework */ = {isa = PBXFileReference; explicitFileType = wrapper.framework; includeInIndex = 0; path = CocoaDebugKit.framework; sourceTree = BUILT_PRODUCTS_DIR; };
		CD2761EF1B0E1C050000BB5D /* Info.plist */ = {isa = PBXFileReference; lastKnownFileType = text.plist.xml; path = Info.plist; sourceTree = "<group>"; };
		CD2761F01B0E1C050000BB5D /* CocoaDebugKit.h */ = {isa = PBXFileReference; lastKnownFileType = sourcecode.c.h; path = CocoaDebugKit.h; sourceTree = "<group>"; };
		CD2762411B0E30210000BB5D /* Test Application.app */ = {isa = PBXFileReference; explicitFileType = wrapper.application; includeInIndex = 0; path = "Test Application.app"; sourceTree = BUILT_PRODUCTS_DIR; };
		CD2762441B0E30210000BB5D /* Info.plist */ = {isa = PBXFileReference; lastKnownFileType = text.plist.xml; path = Info.plist; sourceTree = "<group>"; };
		CD2762451B0E30210000BB5D /* AppDelegate.h */ = {isa = PBXFileReference; lastKnownFileType = sourcecode.c.h; path = AppDelegate.h; sourceTree = "<group>"; };
		CD2762461B0E30210000BB5D /* AppDelegate.m */ = {isa = PBXFileReference; lastKnownFileType = sourcecode.c.objc; path = AppDelegate.m; sourceTree = "<group>"; };
		CD2762481B0E30210000BB5D /* main.m */ = {isa = PBXFileReference; lastKnownFileType = sourcecode.c.objc; path = main.m; sourceTree = "<group>"; };
		CD27624A1B0E30210000BB5D /* Images.xcassets */ = {isa = PBXFileReference; lastKnownFileType = folder.assetcatalog; path = Images.xcassets; sourceTree = "<group>"; };
		CD27624D1B0E30210000BB5D /* Base */ = {isa = PBXFileReference; lastKnownFileType = file.xib; name = Base; path = Base.lproj/MainMenu.xib; sourceTree = "<group>"; };
		CD5796401CC576A40014BFD0 /* com.kladek.CocoaDebugKit.settings.default.plist */ = {isa = PBXFileReference; fileEncoding = 4; lastKnownFileType = text.plist.xml; name = com.kladek.CocoaDebugKit.settings.default.plist; path = "Test Application/com.kladek.CocoaDebugKit.settings.default.plist"; sourceTree = SOURCE_ROOT; };
		CD5796421CC585CA0014BFD0 /* Person.h */ = {isa = PBXFileReference; fileEncoding = 4; lastKnownFileType = sourcecode.c.h; path = Person.h; sourceTree = "<group>"; };
		CD5796431CC585CA0014BFD0 /* Person.m */ = {isa = PBXFileReference; fileEncoding = 4; lastKnownFileType = sourcecode.c.objc; path = Person.m; sourceTree = "<group>"; };
		CD57964A1CC632D40014BFD0 /* com.kladek.CocoaDebugKit.settings.dusk.plist */ = {isa = PBXFileReference; fileEncoding = 4; lastKnownFileType = text.plist.xml; path = com.kladek.CocoaDebugKit.settings.dusk.plist; sourceTree = "<group>"; };
		CD63A06B1ED3293F00D04814 /* CPColor+CPAdditions.h */ = {isa = PBXFileReference; fileEncoding = 4; lastKnownFileType = sourcecode.c.h; name = "CPColor+CPAdditions.h"; path = "../../Shared/CrossPlatform/CPColor+CPAdditions.h"; sourceTree = "<group>"; };
		CD63A06C1ED3293F00D04814 /* CPColor+CPAdditions.m */ = {isa = PBXFileReference; fileEncoding = 4; lastKnownFileType = sourcecode.c.objc; name = "CPColor+CPAdditions.m"; path = "../../Shared/CrossPlatform/CPColor+CPAdditions.m"; sourceTree = "<group>"; };
		CD63A06D1ED3293F00D04814 /* CPImageView+CPAdditions.h */ = {isa = PBXFileReference; fileEncoding = 4; lastKnownFileType = sourcecode.c.h; name = "CPImageView+CPAdditions.h"; path = "../../Shared/CrossPlatform/CPImageView+CPAdditions.h"; sourceTree = "<group>"; };
		CD63A06E1ED3293F00D04814 /* CPImageView+CPAdditions.m */ = {isa = PBXFileReference; fileEncoding = 4; lastKnownFileType = sourcecode.c.objc; name = "CPImageView+CPAdditions.m"; path = "../../Shared/CrossPlatform/CPImageView+CPAdditions.m"; sourceTree = "<group>"; };
		CD63A06F1ED3293F00D04814 /* CPScreen+CPAdditions.h */ = {isa = PBXFileReference; fileEncoding = 4; lastKnownFileType = sourcecode.c.h; name = "CPScreen+CPAdditions.h"; path = "../../Shared/CrossPlatform/CPScreen+CPAdditions.h"; sourceTree = "<group>"; };
		CD63A0701ED3293F00D04814 /* CPScreen+CPAdditions.m */ = {isa = PBXFileReference; fileEncoding = 4; lastKnownFileType = sourcecode.c.objc; name = "CPScreen+CPAdditions.m"; path = "../../Shared/CrossPlatform/CPScreen+CPAdditions.m"; sourceTree = "<group>"; };
		CD63A0711ED3293F00D04814 /* CPTextField+CPAdditions.h */ = {isa = PBXFileReference; fileEncoding = 4; lastKnownFileType = sourcecode.c.h; name = "CPTextField+CPAdditions.h"; path = "../../Shared/CrossPlatform/CPTextField+CPAdditions.h"; sourceTree = "<group>"; };
		CD63A0721ED3293F00D04814 /* CPTextField+CPAdditions.m */ = {isa = PBXFileReference; fileEncoding = 4; lastKnownFileType = sourcecode.c.objc; name = "CPTextField+CPAdditions.m"; path = "../../Shared/CrossPlatform/CPTextField+CPAdditions.m"; sourceTree = "<group>"; };
		CD63A0731ED3293F00D04814 /* CPView+CPAdditions.h */ = {isa = PBXFileReference; fileEncoding = 4; lastKnownFileType = sourcecode.c.h; name = "CPView+CPAdditions.h"; path = "../../Shared/CrossPlatform/CPView+CPAdditions.h"; sourceTree = "<group>"; };
		CD63A0741ED3293F00D04814 /* CPView+CPAdditions.m */ = {isa = PBXFileReference; fileEncoding = 4; lastKnownFileType = sourcecode.c.objc; name = "CPView+CPAdditions.m"; path = "../../Shared/CrossPlatform/CPView+CPAdditions.m"; sourceTree = "<group>"; };
		CD63A0751ED3293F00D04814 /* CrossPlatformDefinitions.h */ = {isa = PBXFileReference; fileEncoding = 4; lastKnownFileType = sourcecode.c.h; name = CrossPlatformDefinitions.h; path = ../../Shared/CrossPlatform/CrossPlatformDefinitions.h; sourceTree = "<group>"; };
		CD63A0761ED3293F00D04814 /* NSObject+CPAdditions.h */ = {isa = PBXFileReference; fileEncoding = 4; lastKnownFileType = sourcecode.c.h; name = "NSObject+CPAdditions.h"; path = "../../Shared/CrossPlatform/NSObject+CPAdditions.h"; sourceTree = "<group>"; };
		CD63A0771ED3293F00D04814 /* NSObject+CPAdditions.m */ = {isa = PBXFileReference; fileEncoding = 4; lastKnownFileType = sourcecode.c.objc; name = "NSObject+CPAdditions.m"; path = "../../Shared/CrossPlatform/NSObject+CPAdditions.m"; sourceTree = "<group>"; };
		CD63A08C1ED3298400D04814 /* CocoaDebugDescription.h */ = {isa = PBXFileReference; fileEncoding = 4; lastKnownFileType = sourcecode.c.h; name = CocoaDebugDescription.h; path = ../../Shared/CocoaDebugDescription.h; sourceTree = "<group>"; };
		CD63A08D1ED3298400D04814 /* CocoaDebugDescription.m */ = {isa = PBXFileReference; fileEncoding = 4; lastKnownFileType = sourcecode.c.objc; name = CocoaDebugDescription.m; path = ../../Shared/CocoaDebugDescription.m; sourceTree = "<group>"; };
		CD63A08E1ED3298400D04814 /* CocoaDebugSettings.h */ = {isa = PBXFileReference; fileEncoding = 4; lastKnownFileType = sourcecode.c.h; name = CocoaDebugSettings.h; path = ../../Shared/CocoaDebugSettings.h; sourceTree = "<group>"; };
		CD63A08F1ED3298400D04814 /* CocoaDebugSettings.m */ = {isa = PBXFileReference; fileEncoding = 4; lastKnownFileType = sourcecode.c.objc; name = CocoaDebugSettings.m; path = ../../Shared/CocoaDebugSettings.m; sourceTree = "<group>"; };
		CD63A0901ED3298400D04814 /* CocoaDebugView.h */ = {isa = PBXFileReference; fileEncoding = 4; lastKnownFileType = sourcecode.c.h; name = CocoaDebugView.h; path = ../../Shared/CocoaDebugView.h; sourceTree = "<group>"; };
		CD63A0911ED3298400D04814 /* CocoaDebugView.m */ = {isa = PBXFileReference; fileEncoding = 4; lastKnownFileType = sourcecode.c.objc; name = CocoaDebugView.m; path = ../../Shared/CocoaDebugView.m; sourceTree = "<group>"; };
		CD63A0921ED3298400D04814 /* CocoaPropertyEnumerator.h */ = {isa = PBXFileReference; fileEncoding = 4; lastKnownFileType = sourcecode.c.h; name = CocoaPropertyEnumerator.h; path = ../../Shared/CocoaPropertyEnumerator.h; sourceTree = "<group>"; };
		CD63A0931ED3298400D04814 /* CocoaPropertyEnumerator.m */ = {isa = PBXFileReference; fileEncoding = 4; lastKnownFileType = sourcecode.c.objc; name = CocoaPropertyEnumerator.m; path = ../../Shared/CocoaPropertyEnumerator.m; sourceTree = "<group>"; };
		CD63A13B1ED3707600D04814 /* AlertCautionIcon.icns */ = {isa = PBXFileReference; lastKnownFileType = image.icns; name = AlertCautionIcon.icns; path = ../../Shared/AlertCautionIcon.icns; sourceTree = "<group>"; };
		CD63A1491ED7308E00D04814 /* CocoaPropertyLine.h */ = {isa = PBXFileReference; fileEncoding = 4; lastKnownFileType = sourcecode.c.h; name = CocoaPropertyLine.h; path = ../../Shared/CocoaPropertyLine.h; sourceTree = "<group>"; };
		CD63A14A1ED7308E00D04814 /* CocoaPropertyLine.m */ = {isa = PBXFileReference; fileEncoding = 4; lastKnownFileType = sourcecode.c.objc; name = CocoaPropertyLine.m; path = ../../Shared/CocoaPropertyLine.m; sourceTree = "<group>"; };
		CD8962DC1CC63B2C001E6749 /* com.kladek.CocoaDebugKit.settings.basic.plist */ = {isa = PBXFileReference; fileEncoding = 4; lastKnownFileType = text.plist.xml; path = com.kladek.CocoaDebugKit.settings.basic.plist; sourceTree = "<group>"; };
		CDBBC8451B70E31600923E3E /* TestObject.h */ = {isa = PBXFileReference; fileEncoding = 4; lastKnownFileType = sourcecode.c.h; path = TestObject.h; sourceTree = "<group>"; };
		CDBBC8461B70E31600923E3E /* TestObject.m */ = {isa = PBXFileReference; fileEncoding = 4; lastKnownFileType = sourcecode.c.objc; path = TestObject.m; sourceTree = "<group>"; };
		CDE848D71CCE75E900DD5A00 /* SecondObject.h */ = {isa = PBXFileReference; fileEncoding = 4; lastKnownFileType = sourcecode.c.h; path = SecondObject.h; sourceTree = "<group>"; };
		CDE848D81CCE75E900DD5A00 /* SecondObject.m */ = {isa = PBXFileReference; fileEncoding = 4; lastKnownFileType = sourcecode.c.objc; path = SecondObject.m; sourceTree = "<group>"; };
/* End PBXFileReference section */

/* Begin PBXFrameworksBuildPhase section */
		CD2761E71B0E1C050000BB5D /* Frameworks */ = {
			isa = PBXFrameworksBuildPhase;
			buildActionMask = 2147483647;
			files = (
			);
			runOnlyForDeploymentPostprocessing = 0;
		};
		CD27623E1B0E30210000BB5D /* Frameworks */ = {
			isa = PBXFrameworksBuildPhase;
			buildActionMask = 2147483647;
			files = (
				CD4DF0E71ED0C31D000E78A0 /* CocoaDebugKit.framework in Frameworks */,
			);
			runOnlyForDeploymentPostprocessing = 0;
		};
/* End PBXFrameworksBuildPhase section */

/* Begin PBXGroup section */
		CD2761E11B0E1C050000BB5D = {
			isa = PBXGroup;
			children = (
				CD2762421B0E30210000BB5D /* Test Application */,
				CD2761ED1B0E1C050000BB5D /* CocoaDebugKit */,
				CD2761EC1B0E1C050000BB5D /* Products */,
			);
			sourceTree = "<group>";
		};
		CD2761EC1B0E1C050000BB5D /* Products */ = {
			isa = PBXGroup;
			children = (
				CD2761EB1B0E1C050000BB5D /* CocoaDebugKit.framework */,
				CD2762411B0E30210000BB5D /* Test Application.app */,
			);
			name = Products;
			sourceTree = "<group>";
		};
		CD2761ED1B0E1C050000BB5D /* CocoaDebugKit */ = {
			isa = PBXGroup;
			children = (
				CD2761F01B0E1C050000BB5D /* CocoaDebugKit.h */,
				CD2761EE1B0E1C050000BB5D /* Supporting Files */,
			);
			path = CocoaDebugKit;
			sourceTree = "<group>";
		};
		CD2761EE1B0E1C050000BB5D /* Supporting Files */ = {
			isa = PBXGroup;
			children = (
				CD63A06A1ED3293000D04814 /* Cross Platform */,
				CD63A09D1ED329A500D04814 /* Settings */,
				CD63A09F1ED329B000D04814 /* PropertyEnumerator */,
				CD63A09E1ED329AA00D04814 /* Debug View */,
				CD63A09C1ED3299D00D04814 /* Debug Description */,
				CD63A13B1ED3707600D04814 /* AlertCautionIcon.icns */,
				CD2761EF1B0E1C050000BB5D /* Info.plist */,
			);
			name = "Supporting Files";
			sourceTree = "<group>";
		};
		CD2762421B0E30210000BB5D /* Test Application */ = {
			isa = PBXGroup;
			children = (
				CD2762451B0E30210000BB5D /* AppDelegate.h */,
				CD2762461B0E30210000BB5D /* AppDelegate.m */,
				CD57963F1CC570170014BFD0 /* Test Objects */,
				CD27624A1B0E30210000BB5D /* Images.xcassets */,
				CD27624C1B0E30210000BB5D /* MainMenu.xib */,
				CD2762431B0E30210000BB5D /* Supporting Files */,
			);
			path = "Test Application";
			sourceTree = "<group>";
		};
		CD2762431B0E30210000BB5D /* Supporting Files */ = {
			isa = PBXGroup;
			children = (
				CDD76DDB1CCEB2DE00AD5E8F /* Settings */,
				CD2762441B0E30210000BB5D /* Info.plist */,
				CD21815E1EC897D200D84381 /* image.jpg */,
				CD2762481B0E30210000BB5D /* main.m */,
			);
			name = "Supporting Files";
			sourceTree = "<group>";
		};
		CD57963F1CC570170014BFD0 /* Test Objects */ = {
			isa = PBXGroup;
			children = (
				CDBBC8451B70E31600923E3E /* TestObject.h */,
				CDBBC8461B70E31600923E3E /* TestObject.m */,
				CDE848D71CCE75E900DD5A00 /* SecondObject.h */,
				CDE848D81CCE75E900DD5A00 /* SecondObject.m */,
				CD5796421CC585CA0014BFD0 /* Person.h */,
				CD5796431CC585CA0014BFD0 /* Person.m */,
			);
			name = "Test Objects";
			sourceTree = "<group>";
		};
		CD63A06A1ED3293000D04814 /* Cross Platform */ = {
			isa = PBXGroup;
			children = (
				CD63A0751ED3293F00D04814 /* CrossPlatformDefinitions.h */,
				CD63A0851ED3294500D04814 /* Color */,
				CD63A0861ED3294A00D04814 /* ImageView */,
				CD63A0871ED3295000D04814 /* Screen */,
				CD63A0881ED3295500D04814 /* TextField */,
				CD63A0891ED3295C00D04814 /* View */,
				CD63A08A1ED3296200D04814 /* NSObject */,
			);
			name = "Cross Platform";
			sourceTree = "<group>";
		};
		CD63A0851ED3294500D04814 /* Color */ = {
			isa = PBXGroup;
			children = (
				CD63A06B1ED3293F00D04814 /* CPColor+CPAdditions.h */,
				CD63A06C1ED3293F00D04814 /* CPColor+CPAdditions.m */,
			);
			name = Color;
			sourceTree = "<group>";
		};
		CD63A0861ED3294A00D04814 /* ImageView */ = {
			isa = PBXGroup;
			children = (
				CD63A06D1ED3293F00D04814 /* CPImageView+CPAdditions.h */,
				CD63A06E1ED3293F00D04814 /* CPImageView+CPAdditions.m */,
			);
			name = ImageView;
			sourceTree = "<group>";
		};
		CD63A0871ED3295000D04814 /* Screen */ = {
			isa = PBXGroup;
			children = (
				CD63A06F1ED3293F00D04814 /* CPScreen+CPAdditions.h */,
				CD63A0701ED3293F00D04814 /* CPScreen+CPAdditions.m */,
			);
			name = Screen;
			sourceTree = "<group>";
		};
		CD63A0881ED3295500D04814 /* TextField */ = {
			isa = PBXGroup;
			children = (
				CD63A0711ED3293F00D04814 /* CPTextField+CPAdditions.h */,
				CD63A0721ED3293F00D04814 /* CPTextField+CPAdditions.m */,
			);
			name = TextField;
			sourceTree = "<group>";
		};
		CD63A0891ED3295C00D04814 /* View */ = {
			isa = PBXGroup;
			children = (
				CD63A0731ED3293F00D04814 /* CPView+CPAdditions.h */,
				CD63A0741ED3293F00D04814 /* CPView+CPAdditions.m */,
			);
			name = View;
			sourceTree = "<group>";
		};
		CD63A08A1ED3296200D04814 /* NSObject */ = {
			isa = PBXGroup;
			children = (
				CD63A0761ED3293F00D04814 /* NSObject+CPAdditions.h */,
				CD63A0771ED3293F00D04814 /* NSObject+CPAdditions.m */,
			);
			name = NSObject;
			sourceTree = "<group>";
		};
		CD63A09C1ED3299D00D04814 /* Debug Description */ = {
			isa = PBXGroup;
			children = (
				CD63A08C1ED3298400D04814 /* CocoaDebugDescription.h */,
				CD63A08D1ED3298400D04814 /* CocoaDebugDescription.m */,
				CD63A14B1ED7308E00D04814 /* Property Line */,
			);
			name = "Debug Description";
			sourceTree = "<group>";
		};
		CD63A09D1ED329A500D04814 /* Settings */ = {
			isa = PBXGroup;
			children = (
				CD63A08E1ED3298400D04814 /* CocoaDebugSettings.h */,
				CD63A08F1ED3298400D04814 /* CocoaDebugSettings.m */,
			);
			name = Settings;
			sourceTree = "<group>";
		};
		CD63A09E1ED329AA00D04814 /* Debug View */ = {
			isa = PBXGroup;
			children = (
				CD63A0901ED3298400D04814 /* CocoaDebugView.h */,
				CD63A0911ED3298400D04814 /* CocoaDebugView.m */,
			);
			name = "Debug View";
			sourceTree = "<group>";
		};
		CD63A09F1ED329B000D04814 /* PropertyEnumerator */ = {
			isa = PBXGroup;
			children = (
				CD63A0921ED3298400D04814 /* CocoaPropertyEnumerator.h */,
				CD63A0931ED3298400D04814 /* CocoaPropertyEnumerator.m */,
			);
			name = PropertyEnumerator;
			sourceTree = "<group>";
		};
		CD63A14B1ED7308E00D04814 /* Property Line */ = {
			isa = PBXGroup;
			children = (
				CD63A1491ED7308E00D04814 /* CocoaPropertyLine.h */,
				CD63A14A1ED7308E00D04814 /* CocoaPropertyLine.m */,
			);
			name = "Property Line";
			sourceTree = "<group>";
		};
		CDD76DDB1CCEB2DE00AD5E8F /* Settings */ = {
			isa = PBXGroup;
			children = (
				CD5796401CC576A40014BFD0 /* com.kladek.CocoaDebugKit.settings.default.plist */,
				CD57964A1CC632D40014BFD0 /* com.kladek.CocoaDebugKit.settings.dusk.plist */,
				CD8962DC1CC63B2C001E6749 /* com.kladek.CocoaDebugKit.settings.basic.plist */,
			);
			name = Settings;
			sourceTree = "<group>";
		};
/* End PBXGroup section */

/* Begin PBXHeadersBuildPhase section */
		CD2761E81B0E1C050000BB5D /* Headers */ = {
			isa = PBXHeadersBuildPhase;
			buildActionMask = 2147483647;
			files = (
				CD63A07E1ED3293F00D04814 /* CPTextField+CPAdditions.h in Headers */,
				CD63A0831ED3293F00D04814 /* NSObject+CPAdditions.h in Headers */,
				CD63A14C1ED7308E00D04814 /* CocoaPropertyLine.h in Headers */,
				CD63A07C1ED3293F00D04814 /* CPScreen+CPAdditions.h in Headers */,
				CD63A0961ED3298400D04814 /* CocoaDebugSettings.h in Headers */,
				CD63A0981ED3298400D04814 /* CocoaDebugView.h in Headers */,
				CD63A0781ED3293F00D04814 /* CPColor+CPAdditions.h in Headers */,
				CD63A0801ED3293F00D04814 /* CPView+CPAdditions.h in Headers */,
				CD63A09A1ED3298400D04814 /* CocoaPropertyEnumerator.h in Headers */,
				CD63A0941ED3298400D04814 /* CocoaDebugDescription.h in Headers */,
				CD2761F11B0E1C050000BB5D /* CocoaDebugKit.h in Headers */,
				CD63A07A1ED3293F00D04814 /* CPImageView+CPAdditions.h in Headers */,
				CD63A0821ED3293F00D04814 /* CrossPlatformDefinitions.h in Headers */,
			);
			runOnlyForDeploymentPostprocessing = 0;
		};
/* End PBXHeadersBuildPhase section */

/* Begin PBXNativeTarget section */
		CD2761EA1B0E1C050000BB5D /* CocoaDebugKit */ = {
			isa = PBXNativeTarget;
			buildConfigurationList = CD2762011B0E1C050000BB5D /* Build configuration list for PBXNativeTarget "CocoaDebugKit" */;
			buildPhases = (
				CD2761E61B0E1C050000BB5D /* Sources */,
				CD2761E71B0E1C050000BB5D /* Frameworks */,
				CD2761E81B0E1C050000BB5D /* Headers */,
				CD2761E91B0E1C050000BB5D /* Resources */,
				CD57962A1CC523830014BFD0 /* Run Script */,
			);
			buildRules = (
			);
			dependencies = (
			);
			name = CocoaDebugKit;
			productName = pkDebugFramework;
			productReference = CD2761EB1B0E1C050000BB5D /* CocoaDebugKit.framework */;
			productType = "com.apple.product-type.framework";
		};
		CD2762401B0E30210000BB5D /* Test Application */ = {
			isa = PBXNativeTarget;
			buildConfigurationList = CD27625B1B0E30210000BB5D /* Build configuration list for PBXNativeTarget "Test Application" */;
			buildPhases = (
				CD27623D1B0E30210000BB5D /* Sources */,
				CD27623E1B0E30210000BB5D /* Frameworks */,
				CD27623F1B0E30210000BB5D /* Resources */,
				CD39ADEB1CE0ADAC009ED057 /* ShellScript */,
				CD4DF0EB1ED0C31D000E78A0 /* Embed Frameworks */,
			);
			buildRules = (
			);
			dependencies = (
				CD4DF0EA1ED0C31D000E78A0 /* PBXTargetDependency */,
			);
			name = "Test Application";
			productName = "Test Application";
			productReference = CD2762411B0E30210000BB5D /* Test Application.app */;
			productType = "com.apple.product-type.application";
		};
/* End PBXNativeTarget section */

/* Begin PBXProject section */
		CD2761E21B0E1C050000BB5D /* Project object */ = {
			isa = PBXProject;
			attributes = {
				LastUpgradeCheck = 1130;
				ORGANIZATIONNAME = "Patrick Kladek";
				TargetAttributes = {
					CD2761EA1B0E1C050000BB5D = {
						CreatedOnToolsVersion = 6.2;
					};
					CD2762401B0E30210000BB5D = {
						CreatedOnToolsVersion = 6.2;
					};
				};
			};
			buildConfigurationList = CD2761E51B0E1C050000BB5D /* Build configuration list for PBXProject "CocoaDebugKit" */;
			compatibilityVersion = "Xcode 3.2";
			developmentRegion = en;
			hasScannedForEncodings = 0;
			knownRegions = (
				en,
				Base,
			);
			mainGroup = CD2761E11B0E1C050000BB5D;
			productRefGroup = CD2761EC1B0E1C050000BB5D /* Products */;
			projectDirPath = "";
			projectRoot = "";
			targets = (
				CD2762401B0E30210000BB5D /* Test Application */,
				CD2761EA1B0E1C050000BB5D /* CocoaDebugKit */,
			);
		};
/* End PBXProject section */

/* Begin PBXResourcesBuildPhase section */
		CD2761E91B0E1C050000BB5D /* Resources */ = {
			isa = PBXResourcesBuildPhase;
			buildActionMask = 2147483647;
			files = (
				CD63A13C1ED3707600D04814 /* AlertCautionIcon.icns in Resources */,
			);
			runOnlyForDeploymentPostprocessing = 0;
		};
		CD27623F1B0E30210000BB5D /* Resources */ = {
			isa = PBXResourcesBuildPhase;
			buildActionMask = 2147483647;
			files = (
				CD8962DD1CC63B2C001E6749 /* com.kladek.CocoaDebugKit.settings.basic.plist in Resources */,
				CD57964B1CC632D40014BFD0 /* com.kladek.CocoaDebugKit.settings.dusk.plist in Resources */,
				CD27624B1B0E30210000BB5D /* Images.xcassets in Resources */,
				CD5796411CC576A40014BFD0 /* com.kladek.CocoaDebugKit.settings.default.plist in Resources */,
				CD27624E1B0E30210000BB5D /* MainMenu.xib in Resources */,
				CD21815F1EC897D200D84381 /* image.jpg in Resources */,
			);
			runOnlyForDeploymentPostprocessing = 0;
		};
/* End PBXResourcesBuildPhase section */

/* Begin PBXShellScriptBuildPhase section */
		CD39ADEB1CE0ADAC009ED057 /* ShellScript */ = {
			isa = PBXShellScriptBuildPhase;
			buildActionMask = 2147483647;
			files = (
			);
			inputPaths = (
			);
			outputPaths = (
			);
			runOnlyForDeploymentPostprocessing = 0;
			shellPath = /bin/sh;
			shellScript = "#!/bin/bash\nbuildNumber=$(/usr/libexec/PlistBuddy -c \"Print CFBundleVersion\" \"$INFOPLIST_FILE\")\nbuildNumber=$(($buildNumber + 1))\n/usr/libexec/PlistBuddy -c \"Set :CFBundleVersion $buildNumber\" \"$INFOPLIST_FILE\"";
		};
		CD57962A1CC523830014BFD0 /* Run Script */ = {
			isa = PBXShellScriptBuildPhase;
			buildActionMask = 2147483647;
			files = (
			);
			inputPaths = (
			);
			name = "Run Script";
			outputPaths = (
			);
			runOnlyForDeploymentPostprocessing = 0;
			shellPath = /bin/sh;
			shellScript = "#!/bin/bash\nbuildNumber=$(/usr/libexec/PlistBuddy -c \"Print CFBundleVersion\" \"$INFOPLIST_FILE\")\nbuildNumber=$(($buildNumber + 1))\n/usr/libexec/PlistBuddy -c \"Set :CFBundleVersion $buildNumber\" \"$INFOPLIST_FILE\"";
		};
/* End PBXShellScriptBuildPhase section */

/* Begin PBXSourcesBuildPhase section */
		CD2761E61B0E1C050000BB5D /* Sources */ = {
			isa = PBXSourcesBuildPhase;
			buildActionMask = 2147483647;
			files = (
				CD63A0951ED3298400D04814 /* CocoaDebugDescription.m in Sources */,
				CD63A07B1ED3293F00D04814 /* CPImageView+CPAdditions.m in Sources */,
				CD63A07F1ED3293F00D04814 /* CPTextField+CPAdditions.m in Sources */,
				CD63A0841ED3293F00D04814 /* NSObject+CPAdditions.m in Sources */,
				CD63A09B1ED3298400D04814 /* CocoaPropertyEnumerator.m in Sources */,
				CD63A0991ED3298400D04814 /* CocoaDebugView.m in Sources */,
				CD63A0971ED3298400D04814 /* CocoaDebugSettings.m in Sources */,
				CD63A0811ED3293F00D04814 /* CPView+CPAdditions.m in Sources */,
				CD63A07D1ED3293F00D04814 /* CPScreen+CPAdditions.m in Sources */,
				CD63A14D1ED7308E00D04814 /* CocoaPropertyLine.m in Sources */,
				CD63A0791ED3293F00D04814 /* CPColor+CPAdditions.m in Sources */,
			);
			runOnlyForDeploymentPostprocessing = 0;
		};
		CD27623D1B0E30210000BB5D /* Sources */ = {
			isa = PBXSourcesBuildPhase;
			buildActionMask = 2147483647;
			files = (
				CDE848D91CCE75E900DD5A00 /* SecondObject.m in Sources */,
				CD2762491B0E30210000BB5D /* main.m in Sources */,
				CDBBC8471B70E31600923E3E /* TestObject.m in Sources */,
				CD5796441CC585CA0014BFD0 /* Person.m in Sources */,
				CD2762471B0E30210000BB5D /* AppDelegate.m in Sources */,
			);
			runOnlyForDeploymentPostprocessing = 0;
		};
/* End PBXSourcesBuildPhase section */

/* Begin PBXTargetDependency section */
		CD4DF0EA1ED0C31D000E78A0 /* PBXTargetDependency */ = {
			isa = PBXTargetDependency;
			target = CD2761EA1B0E1C050000BB5D /* CocoaDebugKit */;
			targetProxy = CD4DF0E91ED0C31D000E78A0 /* PBXContainerItemProxy */;
		};
/* End PBXTargetDependency section */

/* Begin PBXVariantGroup section */
		CD27624C1B0E30210000BB5D /* MainMenu.xib */ = {
			isa = PBXVariantGroup;
			children = (
				CD27624D1B0E30210000BB5D /* Base */,
			);
			name = MainMenu.xib;
			sourceTree = "<group>";
		};
/* End PBXVariantGroup section */

/* Begin XCBuildConfiguration section */
		CD2761FF1B0E1C050000BB5D /* Debug */ = {
			isa = XCBuildConfiguration;
			buildSettings = {
				ALWAYS_SEARCH_USER_PATHS = NO;
				CLANG_ANALYZER_LOCALIZABILITY_NONLOCALIZED = YES;
				CLANG_CXX_LANGUAGE_STANDARD = "gnu++0x";
				CLANG_CXX_LIBRARY = "libc++";
				CLANG_ENABLE_MODULES = YES;
				CLANG_ENABLE_OBJC_ARC = YES;
				CLANG_WARN_BLOCK_CAPTURE_AUTORELEASING = YES;
				CLANG_WARN_BOOL_CONVERSION = YES;
				CLANG_WARN_COMMA = YES;
				CLANG_WARN_CONSTANT_CONVERSION = YES;
				CLANG_WARN_DEPRECATED_OBJC_IMPLEMENTATIONS = YES;
				CLANG_WARN_DIRECT_OBJC_ISA_USAGE = YES_ERROR;
				CLANG_WARN_EMPTY_BODY = YES;
				CLANG_WARN_ENUM_CONVERSION = YES;
				CLANG_WARN_INFINITE_RECURSION = YES;
				CLANG_WARN_INT_CONVERSION = YES;
				CLANG_WARN_NON_LITERAL_NULL_CONVERSION = YES;
				CLANG_WARN_OBJC_IMPLICIT_RETAIN_SELF = YES;
				CLANG_WARN_OBJC_LITERAL_CONVERSION = YES;
				CLANG_WARN_OBJC_ROOT_CLASS = YES_ERROR;
				CLANG_WARN_RANGE_LOOP_ANALYSIS = YES;
				CLANG_WARN_STRICT_PROTOTYPES = YES;
				CLANG_WARN_SUSPICIOUS_MOVE = YES;
				CLANG_WARN_UNREACHABLE_CODE = YES;
				CLANG_WARN__DUPLICATE_METHOD_MATCH = YES;
				COPY_PHASE_STRIP = NO;
				CURRENT_PROJECT_VERSION = 1;
				ENABLE_STRICT_OBJC_MSGSEND = YES;
				ENABLE_TESTABILITY = YES;
				GCC_C_LANGUAGE_STANDARD = gnu99;
				GCC_DYNAMIC_NO_PIC = NO;
				GCC_NO_COMMON_BLOCKS = YES;
				GCC_OPTIMIZATION_LEVEL = 0;
				GCC_PREPROCESSOR_DEFINITIONS = (
					"DEBUG=1",
					"$(inherited)",
				);
				GCC_SYMBOLS_PRIVATE_EXTERN = NO;
				GCC_WARN_64_TO_32_BIT_CONVERSION = YES;
				GCC_WARN_ABOUT_RETURN_TYPE = YES_ERROR;
				GCC_WARN_UNDECLARED_SELECTOR = YES;
				GCC_WARN_UNINITIALIZED_AUTOS = YES_AGGRESSIVE;
				GCC_WARN_UNUSED_FUNCTION = YES;
				GCC_WARN_UNUSED_VARIABLE = YES;
				MACOSX_DEPLOYMENT_TARGET = 10.9;
				MTL_ENABLE_DEBUG_INFO = YES;
				ONLY_ACTIVE_ARCH = YES;
				SDKROOT = macosx;
				VERSIONING_SYSTEM = "apple-generic";
				VERSION_INFO_PREFIX = "";
			};
			name = Debug;
		};
		CD2762001B0E1C050000BB5D /* Release */ = {
			isa = XCBuildConfiguration;
			buildSettings = {
				ALWAYS_SEARCH_USER_PATHS = NO;
				CLANG_ANALYZER_LOCALIZABILITY_NONLOCALIZED = YES;
				CLANG_CXX_LANGUAGE_STANDARD = "gnu++0x";
				CLANG_CXX_LIBRARY = "libc++";
				CLANG_ENABLE_MODULES = YES;
				CLANG_ENABLE_OBJC_ARC = YES;
				CLANG_WARN_BLOCK_CAPTURE_AUTORELEASING = YES;
				CLANG_WARN_BOOL_CONVERSION = YES;
				CLANG_WARN_COMMA = YES;
				CLANG_WARN_CONSTANT_CONVERSION = YES;
				CLANG_WARN_DEPRECATED_OBJC_IMPLEMENTATIONS = YES;
				CLANG_WARN_DIRECT_OBJC_ISA_USAGE = YES_ERROR;
				CLANG_WARN_EMPTY_BODY = YES;
				CLANG_WARN_ENUM_CONVERSION = YES;
				CLANG_WARN_INFINITE_RECURSION = YES;
				CLANG_WARN_INT_CONVERSION = YES;
				CLANG_WARN_NON_LITERAL_NULL_CONVERSION = YES;
				CLANG_WARN_OBJC_IMPLICIT_RETAIN_SELF = YES;
				CLANG_WARN_OBJC_LITERAL_CONVERSION = YES;
				CLANG_WARN_OBJC_ROOT_CLASS = YES_ERROR;
				CLANG_WARN_RANGE_LOOP_ANALYSIS = YES;
				CLANG_WARN_STRICT_PROTOTYPES = YES;
				CLANG_WARN_SUSPICIOUS_MOVE = YES;
				CLANG_WARN_UNREACHABLE_CODE = YES;
				CLANG_WARN__DUPLICATE_METHOD_MATCH = YES;
				COPY_PHASE_STRIP = NO;
				CURRENT_PROJECT_VERSION = 1;
				DEBUG_INFORMATION_FORMAT = "dwarf-with-dsym";
				ENABLE_NS_ASSERTIONS = NO;
				ENABLE_STRICT_OBJC_MSGSEND = YES;
				GCC_C_LANGUAGE_STANDARD = gnu99;
				GCC_NO_COMMON_BLOCKS = YES;
				GCC_WARN_64_TO_32_BIT_CONVERSION = YES;
				GCC_WARN_ABOUT_RETURN_TYPE = YES_ERROR;
				GCC_WARN_UNDECLARED_SELECTOR = YES;
				GCC_WARN_UNINITIALIZED_AUTOS = YES_AGGRESSIVE;
				GCC_WARN_UNUSED_FUNCTION = YES;
				GCC_WARN_UNUSED_VARIABLE = YES;
				MACOSX_DEPLOYMENT_TARGET = 10.9;
				MTL_ENABLE_DEBUG_INFO = NO;
				SDKROOT = macosx;
				VERSIONING_SYSTEM = "apple-generic";
				VERSION_INFO_PREFIX = "";
			};
			name = Release;
		};
		CD2762021B0E1C050000BB5D /* Debug */ = {
			isa = XCBuildConfiguration;
			buildSettings = {
				APPLICATION_EXTENSION_API_ONLY = NO;
				CODE_SIGN_IDENTITY = "-";
				COMBINE_HIDPI_IMAGES = YES;
				DEFINES_MODULE = YES;
				DYLIB_COMPATIBILITY_VERSION = 1;
				DYLIB_CURRENT_VERSION = 1;
				DYLIB_INSTALL_NAME_BASE = "@rpath";
				FRAMEWORK_VERSION = A;
				INFOPLIST_FILE = CocoaDebugKit/Info.plist;
				INSTALL_PATH = "@executable_path/../Frameworks";
				LD_RUNPATH_SEARCH_PATHS = "$(inherited) @executable_path/../Frameworks @loader_path/Frameworks";
				MACOSX_DEPLOYMENT_TARGET = 10.6;
				PRODUCT_BUNDLE_IDENTIFIER = "com.kladek.$(PRODUCT_NAME:rfc1034identifier)";
				PRODUCT_NAME = CocoaDebugKit;
				SDKROOT = macosx;
				SKIP_INSTALL = YES;
			};
			name = Debug;
		};
		CD2762031B0E1C050000BB5D /* Release */ = {
			isa = XCBuildConfiguration;
			buildSettings = {
				APPLICATION_EXTENSION_API_ONLY = NO;
				CODE_SIGN_IDENTITY = "-";
				COMBINE_HIDPI_IMAGES = YES;
				DEFINES_MODULE = YES;
				DYLIB_COMPATIBILITY_VERSION = 1;
				DYLIB_CURRENT_VERSION = 1;
				DYLIB_INSTALL_NAME_BASE = "@rpath";
				FRAMEWORK_VERSION = A;
				INFOPLIST_FILE = CocoaDebugKit/Info.plist;
				INSTALL_PATH = "@executable_path/../Frameworks";
				LD_RUNPATH_SEARCH_PATHS = "$(inherited) @executable_path/../Frameworks @loader_path/Frameworks";
				MACOSX_DEPLOYMENT_TARGET = 10.6;
				PRODUCT_BUNDLE_IDENTIFIER = "com.kladek.$(PRODUCT_NAME:rfc1034identifier)";
				PRODUCT_NAME = CocoaDebugKit;
				SDKROOT = macosx;
				SKIP_INSTALL = YES;
			};
			name = Release;
		};
		CD27625C1B0E30210000BB5D /* Debug */ = {
			isa = XCBuildConfiguration;
			buildSettings = {
				ASSETCATALOG_COMPILER_APPICON_NAME = AppIcon;
				CLANG_ALLOW_NON_MODULAR_INCLUDES_IN_FRAMEWORK_MODULES = NO;
				CODE_SIGN_IDENTITY = "-";
				COMBINE_HIDPI_IMAGES = YES;
				GCC_PREPROCESSOR_DEFINITIONS = (
					"DEBUG=1",
					"$(inherited)",
				);
				INFOPLIST_FILE = "Test Application/Info.plist";
				LD_RUNPATH_SEARCH_PATHS = "$(inherited) @executable_path/../Frameworks";
				MACOSX_DEPLOYMENT_TARGET = 10.9;
				PRODUCT_BUNDLE_IDENTIFIER = "com.kladek.$(PRODUCT_NAME:rfc1034identifier)";
				PRODUCT_NAME = "$(TARGET_NAME)";
				SDKROOT = macosx;
			};
			name = Debug;
		};
		CD27625D1B0E30210000BB5D /* Release */ = {
			isa = XCBuildConfiguration;
			buildSettings = {
				ASSETCATALOG_COMPILER_APPICON_NAME = AppIcon;
				CLANG_ALLOW_NON_MODULAR_INCLUDES_IN_FRAMEWORK_MODULES = NO;
				CODE_SIGN_IDENTITY = "-";
				COMBINE_HIDPI_IMAGES = YES;
				INFOPLIST_FILE = "Test Application/Info.plist";
				LD_RUNPATH_SEARCH_PATHS = "$(inherited) @executable_path/../Frameworks";
				MACOSX_DEPLOYMENT_TARGET = 10.9;
				PRODUCT_BUNDLE_IDENTIFIER = "com.kladek.$(PRODUCT_NAME:rfc1034identifier)";
				PRODUCT_NAME = "$(TARGET_NAME)";
				SDKROOT = macosx;
			};
			name = Release;
		};
/* End XCBuildConfiguration section */

/* Begin XCConfigurationList section */
		CD2761E51B0E1C050000BB5D /* Build configuration list for PBXProject "CocoaDebugKit" */ = {
			isa = XCConfigurationList;
			buildConfigurations = (
				CD2761FF1B0E1C050000BB5D /* Debug */,
				CD2762001B0E1C050000BB5D /* Release */,
			);
			defaultConfigurationIsVisible = 0;
			defaultConfigurationName = Release;
		};
		CD2762011B0E1C050000BB5D /* Build configuration list for PBXNativeTarget "CocoaDebugKit" */ = {
			isa = XCConfigurationList;
			buildConfigurations = (
				CD2762021B0E1C050000BB5D /* Debug */,
				CD2762031B0E1C050000BB5D /* Release */,
			);
			defaultConfigurationIsVisible = 0;
			defaultConfigurationName = Release;
		};
		CD27625B1B0E30210000BB5D /* Build configuration list for PBXNativeTarget "Test Application" */ = {
			isa = XCConfigurationList;
			buildConfigurations = (
				CD27625C1B0E30210000BB5D /* Debug */,
				CD27625D1B0E30210000BB5D /* Release */,
			);
			defaultConfigurationIsVisible = 0;
			defaultConfigurationName = Release;
		};
/* End XCConfigurationList section */
	};
	rootObject = CD2761E21B0E1C050000BB5D /* Project object */;
}
