// !$*UTF8*$!
{
	archiveVersion = 1;
	classes = {
	};
	objectVersion = 46;
	objects = {

/* Begin PBXBuildFile section */
		CD01A8A51CC6653300DE196C /* pkDebugDescription.h in Headers */ = {isa = PBXBuildFile; fileRef = CD01A8A31CC6653300DE196C /* pkDebugDescription.h */; settings = {ATTRIBUTES = (Public, ); }; };
		CD01A8A61CC6653300DE196C /* pkDebugDescription.m in Sources */ = {isa = PBXBuildFile; fileRef = CD01A8A41CC6653300DE196C /* pkDebugDescription.m */; };
		CD2761F11B0E1C050000BB5D /* pkDebugFramework.h in Headers */ = {isa = PBXBuildFile; fileRef = CD2761F01B0E1C050000BB5D /* pkDebugFramework.h */; settings = {ATTRIBUTES = (Public, ); }; };
		CD2762091B0E1DB50000BB5D /* pkDebugView.h in Headers */ = {isa = PBXBuildFile; fileRef = CD2762071B0E1DB50000BB5D /* pkDebugView.h */; settings = {ATTRIBUTES = (Public, ); }; };
		CD27620A1B0E1DB50000BB5D /* pkDebugView.m in Sources */ = {isa = PBXBuildFile; fileRef = CD2762081B0E1DB50000BB5D /* pkDebugView.m */; };
		CD2762471B0E30210000BB5D /* AppDelegate.m in Sources */ = {isa = PBXBuildFile; fileRef = CD2762461B0E30210000BB5D /* AppDelegate.m */; };
		CD2762491B0E30210000BB5D /* main.m in Sources */ = {isa = PBXBuildFile; fileRef = CD2762481B0E30210000BB5D /* main.m */; };
		CD27624B1B0E30210000BB5D /* Images.xcassets in Resources */ = {isa = PBXBuildFile; fileRef = CD27624A1B0E30210000BB5D /* Images.xcassets */; };
		CD27624E1B0E30210000BB5D /* MainMenu.xib in Resources */ = {isa = PBXBuildFile; fileRef = CD27624C1B0E30210000BB5D /* MainMenu.xib */; };
		CD2762611B0E30580000BB5D /* pkDebugFramework.framework in Frameworks */ = {isa = PBXBuildFile; fileRef = CD2761EB1B0E1C050000BB5D /* pkDebugFramework.framework */; };
		CD57962D1CC5262E0014BFD0 /* pkDebugFramework.framework in Embed Frameworks */ = {isa = PBXBuildFile; fileRef = CD2761EB1B0E1C050000BB5D /* pkDebugFramework.framework */; settings = {ATTRIBUTES = (CodeSignOnCopy, RemoveHeadersOnCopy, ); }; };
		CD57963D1CC56CD40014BFD0 /* image.png in Resources */ = {isa = PBXBuildFile; fileRef = CD57963C1CC56CD40014BFD0 /* image.png */; };
		CD5796411CC576A40014BFD0 /* com.kladek.pkDebugFramework.settings.default.plist in Resources */ = {isa = PBXBuildFile; fileRef = CD5796401CC576A40014BFD0 /* com.kladek.pkDebugFramework.settings.default.plist */; };
		CD5796441CC585CA0014BFD0 /* Person.m in Sources */ = {isa = PBXBuildFile; fileRef = CD5796431CC585CA0014BFD0 /* Person.m */; };
		CD5796471CC625F10014BFD0 /* pkDebugSettings.h in Headers */ = {isa = PBXBuildFile; fileRef = CD5796451CC625F10014BFD0 /* pkDebugSettings.h */; settings = {ATTRIBUTES = (Public, ); }; };
		CD5796481CC625F10014BFD0 /* pkDebugSettings.m in Sources */ = {isa = PBXBuildFile; fileRef = CD5796461CC625F10014BFD0 /* pkDebugSettings.m */; };
		CD57964B1CC632D40014BFD0 /* com.kladek.pkDebugFramework.settings.dusk.plist in Resources */ = {isa = PBXBuildFile; fileRef = CD57964A1CC632D40014BFD0 /* com.kladek.pkDebugFramework.settings.dusk.plist */; };
		CD8962DD1CC63B2C001E6749 /* com.kladek.pkDebugFramework.settings.basic.plist in Resources */ = {isa = PBXBuildFile; fileRef = CD8962DC1CC63B2C001E6749 /* com.kladek.pkDebugFramework.settings.basic.plist */; };
		CDBBC8471B70E31600923E3E /* pkTestObject.m in Sources */ = {isa = PBXBuildFile; fileRef = CDBBC8461B70E31600923E3E /* pkTestObject.m */; };
		CDBD4F5A1CCE419C00A0912B /* pkPropertyEnumerator.h in Headers */ = {isa = PBXBuildFile; fileRef = CDBD4F581CCE419C00A0912B /* pkPropertyEnumerator.h */; settings = {ATTRIBUTES = (Public, ); }; };
		CDBD4F5B1CCE419C00A0912B /* pkPropertyEnumerator.m in Sources */ = {isa = PBXBuildFile; fileRef = CDBD4F591CCE419C00A0912B /* pkPropertyEnumerator.m */; };
		CDE848D91CCE75E900DD5A00 /* pkSecondObject.m in Sources */ = {isa = PBXBuildFile; fileRef = CDE848D81CCE75E900DD5A00 /* pkSecondObject.m */; };
/* End PBXBuildFile section */

/* Begin PBXContainerItemProxy section */
		CD57962E1CC5262E0014BFD0 /* PBXContainerItemProxy */ = {
			isa = PBXContainerItemProxy;
			containerPortal = CD2761E21B0E1C050000BB5D /* Project object */;
			proxyType = 1;
			remoteGlobalIDString = CD2761EA1B0E1C050000BB5D;
			remoteInfo = pkDebugFramework;
		};
/* End PBXContainerItemProxy section */

/* Begin PBXCopyFilesBuildPhase section */
		CD5796301CC5262E0014BFD0 /* Embed Frameworks */ = {
			isa = PBXCopyFilesBuildPhase;
			buildActionMask = 2147483647;
			dstPath = "";
			dstSubfolderSpec = 10;
			files = (
				CD57962D1CC5262E0014BFD0 /* pkDebugFramework.framework in Embed Frameworks */,
			);
			name = "Embed Frameworks";
			runOnlyForDeploymentPostprocessing = 0;
		};
/* End PBXCopyFilesBuildPhase section */

/* Begin PBXFileReference section */
		CD01A8A31CC6653300DE196C /* pkDebugDescription.h */ = {isa = PBXFileReference; fileEncoding = 4; lastKnownFileType = sourcecode.c.h; path = pkDebugDescription.h; sourceTree = "<group>"; };
		CD01A8A41CC6653300DE196C /* pkDebugDescription.m */ = {isa = PBXFileReference; fileEncoding = 4; lastKnownFileType = sourcecode.c.objc; path = pkDebugDescription.m; sourceTree = "<group>"; };
		CD2761EB1B0E1C050000BB5D /* pkDebugFramework.framework */ = {isa = PBXFileReference; explicitFileType = wrapper.framework; includeInIndex = 0; path = pkDebugFramework.framework; sourceTree = BUILT_PRODUCTS_DIR; };
		CD2761EF1B0E1C050000BB5D /* Info.plist */ = {isa = PBXFileReference; lastKnownFileType = text.plist.xml; path = Info.plist; sourceTree = "<group>"; };
		CD2761F01B0E1C050000BB5D /* pkDebugFramework.h */ = {isa = PBXFileReference; lastKnownFileType = sourcecode.c.h; path = pkDebugFramework.h; sourceTree = "<group>"; };
		CD2762071B0E1DB50000BB5D /* pkDebugView.h */ = {isa = PBXFileReference; fileEncoding = 4; lastKnownFileType = sourcecode.c.h; path = pkDebugView.h; sourceTree = "<group>"; };
		CD2762081B0E1DB50000BB5D /* pkDebugView.m */ = {isa = PBXFileReference; fileEncoding = 4; lastKnownFileType = sourcecode.c.objc; path = pkDebugView.m; sourceTree = "<group>"; };
		CD2762411B0E30210000BB5D /* Test Application.app */ = {isa = PBXFileReference; explicitFileType = wrapper.application; includeInIndex = 0; path = "Test Application.app"; sourceTree = BUILT_PRODUCTS_DIR; };
		CD2762441B0E30210000BB5D /* Info.plist */ = {isa = PBXFileReference; lastKnownFileType = text.plist.xml; path = Info.plist; sourceTree = "<group>"; };
		CD2762451B0E30210000BB5D /* AppDelegate.h */ = {isa = PBXFileReference; lastKnownFileType = sourcecode.c.h; path = AppDelegate.h; sourceTree = "<group>"; };
		CD2762461B0E30210000BB5D /* AppDelegate.m */ = {isa = PBXFileReference; lastKnownFileType = sourcecode.c.objc; path = AppDelegate.m; sourceTree = "<group>"; };
		CD2762481B0E30210000BB5D /* main.m */ = {isa = PBXFileReference; lastKnownFileType = sourcecode.c.objc; path = main.m; sourceTree = "<group>"; };
		CD27624A1B0E30210000BB5D /* Images.xcassets */ = {isa = PBXFileReference; lastKnownFileType = folder.assetcatalog; path = Images.xcassets; sourceTree = "<group>"; };
		CD27624D1B0E30210000BB5D /* Base */ = {isa = PBXFileReference; lastKnownFileType = file.xib; name = Base; path = Base.lproj/MainMenu.xib; sourceTree = "<group>"; };
		CD57963C1CC56CD40014BFD0 /* image.png */ = {isa = PBXFileReference; lastKnownFileType = image.png; path = image.png; sourceTree = "<group>"; };
		CD5796401CC576A40014BFD0 /* com.kladek.pkDebugFramework.settings.default.plist */ = {isa = PBXFileReference; fileEncoding = 4; lastKnownFileType = text.plist.xml; name = com.kladek.pkDebugFramework.settings.default.plist; path = "Test Application/com.kladek.pkDebugFramework.settings.default.plist"; sourceTree = SOURCE_ROOT; };
		CD5796421CC585CA0014BFD0 /* Person.h */ = {isa = PBXFileReference; fileEncoding = 4; lastKnownFileType = sourcecode.c.h; path = Person.h; sourceTree = "<group>"; };
		CD5796431CC585CA0014BFD0 /* Person.m */ = {isa = PBXFileReference; fileEncoding = 4; lastKnownFileType = sourcecode.c.objc; path = Person.m; sourceTree = "<group>"; };
		CD5796451CC625F10014BFD0 /* pkDebugSettings.h */ = {isa = PBXFileReference; fileEncoding = 4; lastKnownFileType = sourcecode.c.h; name = pkDebugSettings.h; path = pkDebugFramework/pkDebugSettings.h; sourceTree = SOURCE_ROOT; };
		CD5796461CC625F10014BFD0 /* pkDebugSettings.m */ = {isa = PBXFileReference; fileEncoding = 4; lastKnownFileType = sourcecode.c.objc; name = pkDebugSettings.m; path = pkDebugFramework/pkDebugSettings.m; sourceTree = SOURCE_ROOT; };
		CD57964A1CC632D40014BFD0 /* com.kladek.pkDebugFramework.settings.dusk.plist */ = {isa = PBXFileReference; fileEncoding = 4; lastKnownFileType = text.plist.xml; path = com.kladek.pkDebugFramework.settings.dusk.plist; sourceTree = "<group>"; };
		CD8962DC1CC63B2C001E6749 /* com.kladek.pkDebugFramework.settings.basic.plist */ = {isa = PBXFileReference; fileEncoding = 4; lastKnownFileType = text.plist.xml; path = com.kladek.pkDebugFramework.settings.basic.plist; sourceTree = "<group>"; };
		CDBBC8451B70E31600923E3E /* pkTestObject.h */ = {isa = PBXFileReference; fileEncoding = 4; lastKnownFileType = sourcecode.c.h; path = pkTestObject.h; sourceTree = "<group>"; };
		CDBBC8461B70E31600923E3E /* pkTestObject.m */ = {isa = PBXFileReference; fileEncoding = 4; lastKnownFileType = sourcecode.c.objc; path = pkTestObject.m; sourceTree = "<group>"; };
		CDBD4F581CCE419C00A0912B /* pkPropertyEnumerator.h */ = {isa = PBXFileReference; fileEncoding = 4; lastKnownFileType = sourcecode.c.h; path = pkPropertyEnumerator.h; sourceTree = "<group>"; };
		CDBD4F591CCE419C00A0912B /* pkPropertyEnumerator.m */ = {isa = PBXFileReference; fileEncoding = 4; lastKnownFileType = sourcecode.c.objc; path = pkPropertyEnumerator.m; sourceTree = "<group>"; };
		CDE848D71CCE75E900DD5A00 /* pkSecondObject.h */ = {isa = PBXFileReference; fileEncoding = 4; lastKnownFileType = sourcecode.c.h; path = pkSecondObject.h; sourceTree = "<group>"; };
		CDE848D81CCE75E900DD5A00 /* pkSecondObject.m */ = {isa = PBXFileReference; fileEncoding = 4; lastKnownFileType = sourcecode.c.objc; path = pkSecondObject.m; sourceTree = "<group>"; };
/* End PBXFileReference section */

/* Begin PBXFrameworksBuildPhase section */
		CD2761E71B0E1C050000BB5D /* Frameworks */ = {
			isa = PBXFrameworksBuildPhase;
			buildActionMask = 2147483647;
			files = (
			);
			runOnlyForDeploymentPostprocessing = 0;
		};
		CD27623E1B0E30210000BB5D /* Frameworks */ = {
			isa = PBXFrameworksBuildPhase;
			buildActionMask = 2147483647;
			files = (
				CD2762611B0E30580000BB5D /* pkDebugFramework.framework in Frameworks */,
			);
			runOnlyForDeploymentPostprocessing = 0;
		};
/* End PBXFrameworksBuildPhase section */

/* Begin PBXGroup section */
		CD01A8A71CC6653700DE196C /* Debug Description */ = {
			isa = PBXGroup;
			children = (
				CD01A8A31CC6653300DE196C /* pkDebugDescription.h */,
				CD01A8A41CC6653300DE196C /* pkDebugDescription.m */,
			);
			name = "Debug Description";
			sourceTree = "<group>";
		};
		CD2761E11B0E1C050000BB5D = {
			isa = PBXGroup;
			children = (
				CD2762421B0E30210000BB5D /* Test Application */,
				CD2761ED1B0E1C050000BB5D /* pkDebugFramework */,
				CD2761EC1B0E1C050000BB5D /* Products */,
			);
			sourceTree = "<group>";
		};
		CD2761EC1B0E1C050000BB5D /* Products */ = {
			isa = PBXGroup;
			children = (
				CD2761EB1B0E1C050000BB5D /* pkDebugFramework.framework */,
				CD2762411B0E30210000BB5D /* Test Application.app */,
			);
			name = Products;
			sourceTree = "<group>";
		};
		CD2761ED1B0E1C050000BB5D /* pkDebugFramework */ = {
			isa = PBXGroup;
			children = (
				CD2761F01B0E1C050000BB5D /* pkDebugFramework.h */,
				CD5796491CC625F60014BFD0 /* Settings */,
				CDBD4F5C1CCE419F00A0912B /* Property Enumerator */,
				CD57963E1CC56F620014BFD0 /* DebugView */,
				CD01A8A71CC6653700DE196C /* Debug Description */,
				CD2761EE1B0E1C050000BB5D /* Supporting Files */,
			);
			path = pkDebugFramework;
			sourceTree = "<group>";
		};
		CD2761EE1B0E1C050000BB5D /* Supporting Files */ = {
			isa = PBXGroup;
			children = (
				CD2761EF1B0E1C050000BB5D /* Info.plist */,
			);
			name = "Supporting Files";
			sourceTree = "<group>";
		};
		CD2762421B0E30210000BB5D /* Test Application */ = {
			isa = PBXGroup;
			children = (
				CD2762451B0E30210000BB5D /* AppDelegate.h */,
				CD2762461B0E30210000BB5D /* AppDelegate.m */,
				CD57963F1CC570170014BFD0 /* Test Object */,
				CD27624A1B0E30210000BB5D /* Images.xcassets */,
				CD27624C1B0E30210000BB5D /* MainMenu.xib */,
				CD2762431B0E30210000BB5D /* Supporting Files */,
			);
			path = "Test Application";
			sourceTree = "<group>";
		};
		CD2762431B0E30210000BB5D /* Supporting Files */ = {
			isa = PBXGroup;
			children = (
				CDD76DDB1CCEB2DE00AD5E8F /* Settings */,
				CD57963C1CC56CD40014BFD0 /* image.png */,
				CD2762441B0E30210000BB5D /* Info.plist */,
				CD2762481B0E30210000BB5D /* main.m */,
			);
			name = "Supporting Files";
			sourceTree = "<group>";
		};
		CD57963E1CC56F620014BFD0 /* DebugView */ = {
			isa = PBXGroup;
			children = (
				CD2762071B0E1DB50000BB5D /* pkDebugView.h */,
				CD2762081B0E1DB50000BB5D /* pkDebugView.m */,
			);
			name = DebugView;
			sourceTree = "<group>";
		};
		CD57963F1CC570170014BFD0 /* Test Object */ = {
			isa = PBXGroup;
			children = (
				CDBBC8451B70E31600923E3E /* pkTestObject.h */,
				CDBBC8461B70E31600923E3E /* pkTestObject.m */,
				CDE848D71CCE75E900DD5A00 /* pkSecondObject.h */,
				CDE848D81CCE75E900DD5A00 /* pkSecondObject.m */,
				CD5796421CC585CA0014BFD0 /* Person.h */,
				CD5796431CC585CA0014BFD0 /* Person.m */,
			);
			name = "Test Object";
			sourceTree = "<group>";
		};
		CD5796491CC625F60014BFD0 /* Settings */ = {
			isa = PBXGroup;
			children = (
				CD5796451CC625F10014BFD0 /* pkDebugSettings.h */,
				CD5796461CC625F10014BFD0 /* pkDebugSettings.m */,
			);
			name = Settings;
			sourceTree = "<group>";
		};
		CDBD4F5C1CCE419F00A0912B /* Property Enumerator */ = {
			isa = PBXGroup;
			children = (
				CDBD4F581CCE419C00A0912B /* pkPropertyEnumerator.h */,
				CDBD4F591CCE419C00A0912B /* pkPropertyEnumerator.m */,
			);
			name = "Property Enumerator";
			sourceTree = "<group>";
		};
		CDD76DDB1CCEB2DE00AD5E8F /* Settings */ = {
			isa = PBXGroup;
			children = (
				CD5796401CC576A40014BFD0 /* com.kladek.pkDebugFramework.settings.default.plist */,
				CD57964A1CC632D40014BFD0 /* com.kladek.pkDebugFramework.settings.dusk.plist */,
				CD8962DC1CC63B2C001E6749 /* com.kladek.pkDebugFramework.settings.basic.plist */,
			);
			name = Settings;
			sourceTree = "<group>";
		};
/* End PBXGroup section */

/* Begin PBXHeadersBuildPhase section */
		CD2761E81B0E1C050000BB5D /* Headers */ = {
			isa = PBXHeadersBuildPhase;
			buildActionMask = 2147483647;
			files = (
				CD01A8A51CC6653300DE196C /* pkDebugDescription.h in Headers */,
				CD5796471CC625F10014BFD0 /* pkDebugSettings.h in Headers */,
				CD2762091B0E1DB50000BB5D /* pkDebugView.h in Headers */,
				CD2761F11B0E1C050000BB5D /* pkDebugFramework.h in Headers */,
				CDBD4F5A1CCE419C00A0912B /* pkPropertyEnumerator.h in Headers */,
			);
			runOnlyForDeploymentPostprocessing = 0;
		};
/* End PBXHeadersBuildPhase section */

/* Begin PBXNativeTarget section */
		CD2761EA1B0E1C050000BB5D /* pkDebugFramework */ = {
			isa = PBXNativeTarget;
			buildConfigurationList = CD2762011B0E1C050000BB5D /* Build configuration list for PBXNativeTarget "pkDebugFramework" */;
			buildPhases = (
				CD2761E61B0E1C050000BB5D /* Sources */,
				CD2761E71B0E1C050000BB5D /* Frameworks */,
				CD2761E81B0E1C050000BB5D /* Headers */,
				CD2761E91B0E1C050000BB5D /* Resources */,
				CD57962A1CC523830014BFD0 /* ShellScript */,
			);
			buildRules = (
			);
			dependencies = (
			);
			name = pkDebugFramework;
			productName = pkDebugFramework;
			productReference = CD2761EB1B0E1C050000BB5D /* pkDebugFramework.framework */;
			productType = "com.apple.product-type.framework";
		};
		CD2762401B0E30210000BB5D /* Test Application */ = {
			isa = PBXNativeTarget;
			buildConfigurationList = CD27625B1B0E30210000BB5D /* Build configuration list for PBXNativeTarget "Test Application" */;
			buildPhases = (
				CD27623D1B0E30210000BB5D /* Sources */,
				CD27623E1B0E30210000BB5D /* Frameworks */,
				CD27623F1B0E30210000BB5D /* Resources */,
				CD5796301CC5262E0014BFD0 /* Embed Frameworks */,
			);
			buildRules = (
			);
			dependencies = (
				CD57962F1CC5262E0014BFD0 /* PBXTargetDependency */,
			);
			name = "Test Application";
			productName = "Test Application";
			productReference = CD2762411B0E30210000BB5D /* Test Application.app */;
			productType = "com.apple.product-type.application";
		};
/* End PBXNativeTarget section */

/* Begin PBXProject section */
		CD2761E21B0E1C050000BB5D /* Project object */ = {
			isa = PBXProject;
			attributes = {
				LastUpgradeCheck = 0620;
				ORGANIZATIONNAME = "Patrick Kladek";
				TargetAttributes = {
					CD2761EA1B0E1C050000BB5D = {
						CreatedOnToolsVersion = 6.2;
					};
					CD2762401B0E30210000BB5D = {
						CreatedOnToolsVersion = 6.2;
					};
				};
			};
			buildConfigurationList = CD2761E51B0E1C050000BB5D /* Build configuration list for PBXProject "pkDebugFramework" */;
			compatibilityVersion = "Xcode 3.2";
			developmentRegion = English;
			hasScannedForEncodings = 0;
			knownRegions = (
				en,
				Base,
			);
			mainGroup = CD2761E11B0E1C050000BB5D;
			productRefGroup = CD2761EC1B0E1C050000BB5D /* Products */;
			projectDirPath = "";
			projectRoot = "";
			targets = (
				CD2762401B0E30210000BB5D /* Test Application */,
				CD2761EA1B0E1C050000BB5D /* pkDebugFramework */,
			);
		};
/* End PBXProject section */

/* Begin PBXResourcesBuildPhase section */
		CD2761E91B0E1C050000BB5D /* Resources */ = {
			isa = PBXResourcesBuildPhase;
			buildActionMask = 2147483647;
			files = (
			);
			runOnlyForDeploymentPostprocessing = 0;
		};
		CD27623F1B0E30210000BB5D /* Resources */ = {
			isa = PBXResourcesBuildPhase;
			buildActionMask = 2147483647;
			files = (
				CD8962DD1CC63B2C001E6749 /* com.kladek.pkDebugFramework.settings.basic.plist in Resources */,
				CD57964B1CC632D40014BFD0 /* com.kladek.pkDebugFramework.settings.dusk.plist in Resources */,
				CD27624B1B0E30210000BB5D /* Images.xcassets in Resources */,
				CD5796411CC576A40014BFD0 /* com.kladek.pkDebugFramework.settings.default.plist in Resources */,
				CD27624E1B0E30210000BB5D /* MainMenu.xib in Resources */,
				CD57963D1CC56CD40014BFD0 /* image.png in Resources */,
			);
			runOnlyForDeploymentPostprocessing = 0;
		};
/* End PBXResourcesBuildPhase section */

/* Begin PBXShellScriptBuildPhase section */
		CD57962A1CC523830014BFD0 /* ShellScript */ = {
			isa = PBXShellScriptBuildPhase;
			buildActionMask = 2147483647;
			files = (
			);
			inputPaths = (
			);
			outputPaths = (
			);
			runOnlyForDeploymentPostprocessing = 0;
			shellPath = /bin/sh;
			shellScript = "#!/bin/bash\nbuildNumber=$(/usr/libexec/PlistBuddy -c \"Print CFBundleVersion\" \"$INFOPLIST_FILE\")\nbuildNumber=$(($buildNumber + 1))\n/usr/libexec/PlistBuddy -c \"Set :CFBundleVersion $buildNumber\" \"$INFOPLIST_FILE\"";
		};
/* End PBXShellScriptBuildPhase section */

/* Begin PBXSourcesBuildPhase section */
		CD2761E61B0E1C050000BB5D /* Sources */ = {
			isa = PBXSourcesBuildPhase;
			buildActionMask = 2147483647;
			files = (
				CD27620A1B0E1DB50000BB5D /* pkDebugView.m in Sources */,
				CD01A8A61CC6653300DE196C /* pkDebugDescription.m in Sources */,
				CD5796481CC625F10014BFD0 /* pkDebugSettings.m in Sources */,
				CDBD4F5B1CCE419C00A0912B /* pkPropertyEnumerator.m in Sources */,
			);
			runOnlyForDeploymentPostprocessing = 0;
		};
		CD27623D1B0E30210000BB5D /* Sources */ = {
			isa = PBXSourcesBuildPhase;
			buildActionMask = 2147483647;
			files = (
				CDE848D91CCE75E900DD5A00 /* pkSecondObject.m in Sources */,
				CD2762491B0E30210000BB5D /* main.m in Sources */,
				CDBBC8471B70E31600923E3E /* pkTestObject.m in Sources */,
				CD5796441CC585CA0014BFD0 /* Person.m in Sources */,
				CD2762471B0E30210000BB5D /* AppDelegate.m in Sources */,
			);
			runOnlyForDeploymentPostprocessing = 0;
		};
/* End PBXSourcesBuildPhase section */

/* Begin PBXTargetDependency section */
		CD57962F1CC5262E0014BFD0 /* PBXTargetDependency */ = {
			isa = PBXTargetDependency;
			target = CD2761EA1B0E1C050000BB5D /* pkDebugFramework */;
			targetProxy = CD57962E1CC5262E0014BFD0 /* PBXContainerItemProxy */;
		};
/* End PBXTargetDependency section */

/* Begin PBXVariantGroup section */
		CD27624C1B0E30210000BB5D /* MainMenu.xib */ = {
			isa = PBXVariantGroup;
			children = (
				CD27624D1B0E30210000BB5D /* Base */,
			);
			name = MainMenu.xib;
			sourceTree = "<group>";
		};
/* End PBXVariantGroup section */

/* Begin XCBuildConfiguration section */
		CD2761FF1B0E1C050000BB5D /* Debug */ = {
			isa = XCBuildConfiguration;
			buildSettings = {
				ALWAYS_SEARCH_USER_PATHS = NO;
				CLANG_CXX_LANGUAGE_STANDARD = "gnu++0x";
				CLANG_CXX_LIBRARY = "libc++";
				CLANG_ENABLE_MODULES = YES;
				CLANG_ENABLE_OBJC_ARC = YES;
				CLANG_WARN_BOOL_CONVERSION = YES;
				CLANG_WARN_CONSTANT_CONVERSION = YES;
				CLANG_WARN_DIRECT_OBJC_ISA_USAGE = YES_ERROR;
				CLANG_WARN_EMPTY_BODY = YES;
				CLANG_WARN_ENUM_CONVERSION = YES;
				CLANG_WARN_INT_CONVERSION = YES;
				CLANG_WARN_OBJC_ROOT_CLASS = YES_ERROR;
				CLANG_WARN_UNREACHABLE_CODE = YES;
				CLANG_WARN__DUPLICATE_METHOD_MATCH = YES;
				COPY_PHASE_STRIP = NO;
				CURRENT_PROJECT_VERSION = 1;
				ENABLE_STRICT_OBJC_MSGSEND = YES;
				GCC_C_LANGUAGE_STANDARD = gnu99;
				GCC_DYNAMIC_NO_PIC = NO;
				GCC_OPTIMIZATION_LEVEL = 0;
				GCC_PREPROCESSOR_DEFINITIONS = (
					"DEBUG=1",
					"$(inherited)",
				);
				GCC_SYMBOLS_PRIVATE_EXTERN = NO;
				GCC_WARN_64_TO_32_BIT_CONVERSION = YES;
				GCC_WARN_ABOUT_RETURN_TYPE = YES_ERROR;
				GCC_WARN_UNDECLARED_SELECTOR = YES;
				GCC_WARN_UNINITIALIZED_AUTOS = YES_AGGRESSIVE;
				GCC_WARN_UNUSED_FUNCTION = YES;
				GCC_WARN_UNUSED_VARIABLE = YES;
				MACOSX_DEPLOYMENT_TARGET = 10.9;
				MTL_ENABLE_DEBUG_INFO = YES;
				ONLY_ACTIVE_ARCH = YES;
				SDKROOT = macosx;
				VERSIONING_SYSTEM = "apple-generic";
				VERSION_INFO_PREFIX = "";
			};
			name = Debug;
		};
		CD2762001B0E1C050000BB5D /* Release */ = {
			isa = XCBuildConfiguration;
			buildSettings = {
				ALWAYS_SEARCH_USER_PATHS = NO;
				CLANG_CXX_LANGUAGE_STANDARD = "gnu++0x";
				CLANG_CXX_LIBRARY = "libc++";
				CLANG_ENABLE_MODULES = YES;
				CLANG_ENABLE_OBJC_ARC = YES;
				CLANG_WARN_BOOL_CONVERSION = YES;
				CLANG_WARN_CONSTANT_CONVERSION = YES;
				CLANG_WARN_DIRECT_OBJC_ISA_USAGE = YES_ERROR;
				CLANG_WARN_EMPTY_BODY = YES;
				CLANG_WARN_ENUM_CONVERSION = YES;
				CLANG_WARN_INT_CONVERSION = YES;
				CLANG_WARN_OBJC_ROOT_CLASS = YES_ERROR;
				CLANG_WARN_UNREACHABLE_CODE = YES;
				CLANG_WARN__DUPLICATE_METHOD_MATCH = YES;
				COPY_PHASE_STRIP = NO;
				CURRENT_PROJECT_VERSION = 1;
				DEBUG_INFORMATION_FORMAT = "dwarf-with-dsym";
				ENABLE_NS_ASSERTIONS = NO;
				ENABLE_STRICT_OBJC_MSGSEND = YES;
				GCC_C_LANGUAGE_STANDARD = gnu99;
				GCC_WARN_64_TO_32_BIT_CONVERSION = YES;
				GCC_WARN_ABOUT_RETURN_TYPE = YES_ERROR;
				GCC_WARN_UNDECLARED_SELECTOR = YES;
				GCC_WARN_UNINITIALIZED_AUTOS = YES_AGGRESSIVE;
				GCC_WARN_UNUSED_FUNCTION = YES;
				GCC_WARN_UNUSED_VARIABLE = YES;
				MACOSX_DEPLOYMENT_TARGET = 10.9;
				MTL_ENABLE_DEBUG_INFO = NO;
				SDKROOT = macosx;
				VERSIONING_SYSTEM = "apple-generic";
				VERSION_INFO_PREFIX = "";
			};
			name = Release;
		};
		CD2762021B0E1C050000BB5D /* Debug */ = {
			isa = XCBuildConfiguration;
			buildSettings = {
				APPLICATION_EXTENSION_API_ONLY = NO;
				CODE_SIGN_IDENTITY = "-";
				COMBINE_HIDPI_IMAGES = YES;
				DEFINES_MODULE = YES;
				DYLIB_COMPATIBILITY_VERSION = 1;
				DYLIB_CURRENT_VERSION = 1;
				DYLIB_INSTALL_NAME_BASE = "@rpath";
				FRAMEWORK_VERSION = A;
				INFOPLIST_FILE = pkDebugFramework/Info.plist;
				INSTALL_PATH = "@executable_path/../Frameworks";
				LD_RUNPATH_SEARCH_PATHS = "$(inherited) @executable_path/../Frameworks @loader_path/Frameworks";
				MACOSX_DEPLOYMENT_TARGET = 10.6;
				PRODUCT_NAME = "$(TARGET_NAME)";
				SDKROOT = macosx10.9;
				SKIP_INSTALL = YES;
			};
			name = Debug;
		};
		CD2762031B0E1C050000BB5D /* Release */ = {
			isa = XCBuildConfiguration;
			buildSettings = {
				APPLICATION_EXTENSION_API_ONLY = NO;
				CODE_SIGN_IDENTITY = "-";
				COMBINE_HIDPI_IMAGES = YES;
				DEFINES_MODULE = YES;
				DYLIB_COMPATIBILITY_VERSION = 1;
				DYLIB_CURRENT_VERSION = 1;
				DYLIB_INSTALL_NAME_BASE = "@rpath";
				FRAMEWORK_VERSION = A;
				INFOPLIST_FILE = pkDebugFramework/Info.plist;
				INSTALL_PATH = "@executable_path/../Frameworks";
				LD_RUNPATH_SEARCH_PATHS = "$(inherited) @executable_path/../Frameworks @loader_path/Frameworks";
				MACOSX_DEPLOYMENT_TARGET = 10.6;
				PRODUCT_NAME = "$(TARGET_NAME)";
				SDKROOT = macosx10.9;
				SKIP_INSTALL = YES;
			};
			name = Release;
		};
		CD27625C1B0E30210000BB5D /* Debug */ = {
			isa = XCBuildConfiguration;
			buildSettings = {
				ASSETCATALOG_COMPILER_APPICON_NAME = AppIcon;
				CODE_SIGN_IDENTITY = "-";
				COMBINE_HIDPI_IMAGES = YES;
				GCC_PREPROCESSOR_DEFINITIONS = (
					"DEBUG=1",
					"$(inherited)",
				);
				INFOPLIST_FILE = "Test Application/Info.plist";
				LD_RUNPATH_SEARCH_PATHS = "$(inherited) @executable_path/../Frameworks";
				PRODUCT_NAME = "$(TARGET_NAME)";
			};
			name = Debug;
		};
		CD27625D1B0E30210000BB5D /* Release */ = {
			isa = XCBuildConfiguration;
			buildSettings = {
				ASSETCATALOG_COMPILER_APPICON_NAME = AppIcon;
				CODE_SIGN_IDENTITY = "-";
				COMBINE_HIDPI_IMAGES = YES;
				INFOPLIST_FILE = "Test Application/Info.plist";
				LD_RUNPATH_SEARCH_PATHS = "$(inherited) @executable_path/../Frameworks";
				PRODUCT_NAME = "$(TARGET_NAME)";
			};
			name = Release;
		};
/* End XCBuildConfiguration section */

/* Begin XCConfigurationList section */
		CD2761E51B0E1C050000BB5D /* Build configuration list for PBXProject "pkDebugFramework" */ = {
			isa = XCConfigurationList;
			buildConfigurations = (
				CD2761FF1B0E1C050000BB5D /* Debug */,
				CD2762001B0E1C050000BB5D /* Release */,
			);
			defaultConfigurationIsVisible = 0;
			defaultConfigurationName = Release;
		};
		CD2762011B0E1C050000BB5D /* Build configuration list for PBXNativeTarget "pkDebugFramework" */ = {
			isa = XCConfigurationList;
			buildConfigurations = (
				CD2762021B0E1C050000BB5D /* Debug */,
				CD2762031B0E1C050000BB5D /* Release */,
			);
			defaultConfigurationIsVisible = 0;
			defaultConfigurationName = Release;
		};
		CD27625B1B0E30210000BB5D /* Build configuration list for PBXNativeTarget "Test Application" */ = {
			isa = XCConfigurationList;
			buildConfigurations = (
				CD27625C1B0E30210000BB5D /* Debug */,
				CD27625D1B0E30210000BB5D /* Release */,
			);
			defaultConfigurationIsVisible = 0;
			defaultConfigurationName = Release;
		};
/* End XCConfigurationList section */
	};
	rootObject = CD2761E21B0E1C050000BB5D /* Project object */;
}
